
Microsoft Visual Studio Solution File, Format Version 12.00
# Visual Studio Version 17
VisualStudioVersion = 17.0.31903.59
MinimumVisualStudioVersion = 10.0.40219.1
Project("{FAE04EC0-301F-11D3-BF4B-00C04F79EFBC}") = "1-SRP", "1-SRP\1-SRP.csproj", "{A31BE75C-E5E6-4BF1-8E11-9997969A5747}"
EndProject
Project("{FAE04EC0-301F-11D3-BF4B-00C04F79EFBC}") = "2-OCP", "2-OCP\2-OCP.csproj", "{867620BE-A04E-49D9-9750-8E7E6A62450E}"
EndProject
Project("{FAE04EC0-301F-11D3-BF4B-00C04F79EFBC}") = "3-LSP", "3-LSP\3-LSP.csproj", "{8E831521-6F95-4711-AEFE-B44B7630618E}"
EndProject
Project("{FAE04EC0-301F-11D3-BF4B-00C04F79EFBC}") = "4-ISP", "4-ISP\4-ISP.csproj", "{80C9C875-609E-4C62-AC07-186970149C60}"
EndProject
Project("{FAE04EC0-301F-11D3-BF4B-00C04F79EFBC}") = "5-DIP", "5-DIP\5-DIP.csproj", "{59705F7A-4A5D-414A-B750-FDB34808524F}"
EndProject
Global
	GlobalSection(SolutionConfigurationPlatforms) = preSolution
		Debug|Any CPU = Debug|Any CPU
		Release|Any CPU = Release|Any CPU
	EndGlobalSection
	GlobalSection(ProjectConfigurationPlatforms) = postSolution
		{A31BE75C-E5E6-4BF1-8E11-9997969A5747}.Debug|Any CPU.ActiveCfg = Debug|Any CPU
		{A31BE75C-E5E6-4BF1-8E11-9997969A5747}.Debug|Any CPU.Build.0 = Debug|Any CPU
		{A31BE75C-E5E6-4BF1-8E11-9997969A5747}.Release|Any CPU.ActiveCfg = Release|Any CPU
		{A31BE75C-E5E6-4BF1-8E11-9997969A5747}.Release|Any CPU.Build.0 = Release|Any CPU
		{867620BE-A04E-49D9-9750-8E7E6A62450E}.Debug|Any CPU.ActiveCfg = Debug|Any CPU
		{867620BE-A04E-49D9-9750-8E7E6A62450E}.Debug|Any CPU.Build.0 = Debug|Any CPU
		{867620BE-A04E-49D9-9750-8E7E6A62450E}.Release|Any CPU.ActiveCfg = Release|Any CPU
		{867620BE-A04E-49D9-9750-8E7E6A62450E}.Release|Any CPU.Build.0 = Release|Any CPU
		{8E831521-6F95-4711-AEFE-B44B7630618E}.Debug|Any CPU.ActiveCfg = Debug|Any CPU
		{8E831521-6F95-4711-AEFE-B44B7630618E}.Debug|Any CPU.Build.0 = Debug|Any CPU
		{8E831521-6F95-4711-AEFE-B44B7630618E}.Release|Any CPU.ActiveCfg = Release|Any CPU
		{8E831521-6F95-4711-AEFE-B44B7630618E}.Release|Any CPU.Build.0 = Release|Any CPU
		{80C9C875-609E-4C62-AC07-186970149C60}.Debug|Any CPU.ActiveCfg = Debug|Any CPU
		{80C9C875-609E-4C62-AC07-186970149C60}.Debug|Any CPU.Build.0 = Debug|Any CPU
		{80C9C875-609E-4C62-AC07-186970149C60}.Release|Any CPU.ActiveCfg = Release|Any CPU
		{80C9C875-609E-4C62-AC07-186970149C60}.Release|Any CPU.Build.0 = Release|Any CPU
		{59705F7A-4A5D-414A-B750-FDB34808524F}.Debug|Any CPU.ActiveCfg = Debug|Any CPU
		{59705F7A-4A5D-414A-B750-FDB34808524F}.Debug|Any CPU.Build.0 = Debug|Any CPU
		{59705F7A-4A5D-414A-B750-FDB34808524F}.Release|Any CPU.ActiveCfg = Release|Any CPU
		{59705F7A-4A5D-414A-B750-FDB34808524F}.Release|Any CPU.Build.0 = Release|Any CPU
	EndGlobalSection
	GlobalSection(SolutionProperties) = preSolution
		HideSolutionNode = FALSE
	EndGlobalSection
	GlobalSection(ExtensibilityGlobals) = postSolution
		SolutionGuid = {F0B18B67-7342-4974-A6DF-EA25E51787F8}
	EndGlobalSection
EndGlobal
